
Microsoft Visual Studio Solution File, Format Version 12.00
# Visual Studio Version 17
VisualStudioVersion = 17.4.33213.308
MinimumVisualStudioVersion = 10.0.40219.1
Project("{FAE04EC0-301F-11D3-BF4B-00C04F79EFBC}") = "CRUD Operations In ASP.Net 5 (Core_MVC)", "CRUD Operations In ASP.Net 5 (Core_MVC)\CRUD Operations In ASP.Net 5 (Core_MVC).csproj", "{728CAAC4-B5DA-4AE1-B803-7F53D207C9CA}"
EndProject
Global
	GlobalSection(SolutionConfigurationPlatforms) = preSolution
		Debug|Any CPU = Debug|Any CPU
		Release|Any CPU = Release|Any CPU
	EndGlobalSection
	GlobalSection(ProjectConfigurationPlatforms) = postSolution
		{728CAAC4-B5DA-4AE1-B803-7F53D207C9CA}.Debug|Any CPU.ActiveCfg = Debug|Any CPU
		{728CAAC4-B5DA-4AE1-B803-7F53D207C9CA}.Debug|Any CPU.Build.0 = Debug|Any CPU
		{728CAAC4-B5DA-4AE1-B803-7F53D207C9CA}.Release|Any CPU.ActiveCfg = Release|Any CPU
		{728CAAC4-B5DA-4AE1-B803-7F53D207C9CA}.Release|Any CPU.Build.0 = Release|Any CPU
	EndGlobalSection
	GlobalSection(SolutionProperties) = preSolution
		HideSolutionNode = FALSE
	EndGlobalSection
	GlobalSection(ExtensibilityGlobals) = postSolution
		SolutionGuid = {589430E5-4441-4A70-8D16-0EDA28069DE9}
	EndGlobalSection
EndGlobal
